
Microsoft Visual Studio Solution File, Format Version 12.00
# Visual Studio 15
VisualStudioVersion = 15.0.27703.2000
MinimumVisualStudioVersion = 10.0.40219.1
Project("{FAE04EC0-301F-11D3-BF4B-00C04F79EFBC}") = "Waterway", "Waterway\Waterway.csproj", "{B00B2893-C5A9-45C1-9513-3894FC6690B7}"
EndProject
Global
	GlobalSection(SolutionConfigurationPlatforms) = preSolution
		Debug|Any CPU = Debug|Any CPU
		Release|Any CPU = Release|Any CPU
	EndGlobalSection
	GlobalSection(ProjectConfigurationPlatforms) = postSolution
		{B00B2893-C5A9-45C1-9513-3894FC6690B7}.Debug|Any CPU.ActiveCfg = Debug|Any CPU
		{B00B2893-C5A9-45C1-9513-3894FC6690B7}.Debug|Any CPU.Build.0 = Debug|Any CPU
		{B00B2893-C5A9-45C1-9513-3894FC6690B7}.Release|Any CPU.ActiveCfg = Release|Any CPU
		{B00B2893-C5A9-45C1-9513-3894FC6690B7}.Release|Any CPU.Build.0 = Release|Any CPU
	EndGlobalSection
	GlobalSection(SolutionProperties) = preSolution
		HideSolutionNode = FALSE
	EndGlobalSection
	GlobalSection(ExtensibilityGlobals) = postSolution
		SolutionGuid = {A8DDED9A-B896-4E24-BF31-9930B5E38B45}
	EndGlobalSection
EndGlobal
